
Microsoft Visual Studio Solution File, Format Version 12.00
# Visual Studio Version 17
VisualStudioVersion = 17.13.35818.85
MinimumVisualStudioVersion = 10.0.40219.1
Project("{FAE04EC0-301F-11D3-BF4B-00C04F79EFBC}") = "FirstAssignment", "FirstAssignment\FirstAssignment.csproj", "{99D12003-0126-414E-BC07-54D09049A447}"
EndProject
Project("{FAE04EC0-301F-11D3-BF4B-00C04F79EFBC}") = "TestFirstAssignment", "TestFirstAssignment\TestFirstAssignment.csproj", "{88D721A6-9ED6-4445-A52C-BE571894EF25}"
EndProject
Global
	GlobalSection(SolutionConfigurationPlatforms) = preSolution
		Debug|Any CPU = Debug|Any CPU
		Release|Any CPU = Release|Any CPU
	EndGlobalSection
	GlobalSection(ProjectConfigurationPlatforms) = postSolution
		{99D12003-0126-414E-BC07-54D09049A447}.Debug|Any CPU.ActiveCfg = Debug|Any CPU
		{99D12003-0126-414E-BC07-54D09049A447}.Debug|Any CPU.Build.0 = Debug|Any CPU
		{99D12003-0126-414E-BC07-54D09049A447}.Release|Any CPU.ActiveCfg = Release|Any CPU
		{99D12003-0126-414E-BC07-54D09049A447}.Release|Any CPU.Build.0 = Release|Any CPU
		{88D721A6-9ED6-4445-A52C-BE571894EF25}.Debug|Any CPU.ActiveCfg = Debug|Any CPU
		{88D721A6-9ED6-4445-A52C-BE571894EF25}.Debug|Any CPU.Build.0 = Debug|Any CPU
		{88D721A6-9ED6-4445-A52C-BE571894EF25}.Release|Any CPU.ActiveCfg = Release|Any CPU
		{88D721A6-9ED6-4445-A52C-BE571894EF25}.Release|Any CPU.Build.0 = Release|Any CPU
	EndGlobalSection
	GlobalSection(SolutionProperties) = preSolution
		HideSolutionNode = FALSE
	EndGlobalSection
	GlobalSection(ExtensibilityGlobals) = postSolution
		SolutionGuid = {3CB57F4B-528A-4FAF-9261-C54FCF0932D5}
	EndGlobalSection
EndGlobal
